
Microsoft Visual Studio Solution File, Format Version 12.00
# Visual Studio Version 17
VisualStudioVersion = 17.5.33516.290
MinimumVisualStudioVersion = 10.0.40219.1
Project("{FAE04EC0-301F-11D3-BF4B-00C04F79EFBC}") = "RankingApp", "RankingApp\RankingApp.csproj", "{4A1C2C50-B8C1-49D9-B90D-51767316C623}"
EndProject
Global
	GlobalSection(SolutionConfigurationPlatforms) = preSolution
		Debug|Any CPU = Debug|Any CPU
		Release|Any CPU = Release|Any CPU
	EndGlobalSection
	GlobalSection(ProjectConfigurationPlatforms) = postSolution
		{4A1C2C50-B8C1-49D9-B90D-51767316C623}.Debug|Any CPU.ActiveCfg = Debug|Any CPU
		{4A1C2C50-B8C1-49D9-B90D-51767316C623}.Debug|Any CPU.Build.0 = Debug|Any CPU
		{4A1C2C50-B8C1-49D9-B90D-51767316C623}.Release|Any CPU.ActiveCfg = Release|Any CPU
		{4A1C2C50-B8C1-49D9-B90D-51767316C623}.Release|Any CPU.Build.0 = Release|Any CPU
	EndGlobalSection
	GlobalSection(SolutionProperties) = preSolution
		HideSolutionNode = FALSE
	EndGlobalSection
	GlobalSection(ExtensibilityGlobals) = postSolution
		SolutionGuid = {22C01F9D-0B08-41E4-9DB0-691666B3D937}
	EndGlobalSection
EndGlobal
